// !$*UTF8*$!
{
	archiveVersion = 1;
	classes = {
	};
	objectVersion = 50;
	objects = {

/* Begin PBXBuildFile section */
		4D981F67259C710E00FF2A41 /* AppDelegate.swift in Sources */ = {isa = PBXBuildFile; fileRef = 4D981F66259C710E00FF2A41 /* AppDelegate.swift */; };
		4D981F69259C710E00FF2A41 /* SceneDelegate.swift in Sources */ = {isa = PBXBuildFile; fileRef = 4D981F68259C710E00FF2A41 /* SceneDelegate.swift */; };
		4D981F6B259C710E00FF2A41 /* HomeViewController.swift in Sources */ = {isa = PBXBuildFile; fileRef = 4D981F6A259C710E00FF2A41 /* HomeViewController.swift */; };
		4D981F6E259C710E00FF2A41 /* Main.storyboard in Resources */ = {isa = PBXBuildFile; fileRef = 4D981F6C259C710E00FF2A41 /* Main.storyboard */; };
		4D981F70259C711000FF2A41 /* Assets.xcassets in Resources */ = {isa = PBXBuildFile; fileRef = 4D981F6F259C711000FF2A41 /* Assets.xcassets */; };
		4D981F73259C711000FF2A41 /* LaunchScreen.storyboard in Resources */ = {isa = PBXBuildFile; fileRef = 4D981F71259C711000FF2A41 /* LaunchScreen.storyboard */; };
		4D981F80259C71FA00FF2A41 /* SettingsViewController.swift in Sources */ = {isa = PBXBuildFile; fileRef = 4D981F7F259C71FA00FF2A41 /* SettingsViewController.swift */; };
		4D981F84259C721F00FF2A41 /* HistoryViewController.swift in Sources */ = {isa = PBXBuildFile; fileRef = 4D981F83259C721F00FF2A41 /* HistoryViewController.swift */; };
/* End PBXBuildFile section */

/* Begin PBXFileReference section */
		4D981F63259C710E00FF2A41 /* ProductivityTracker.app */ = {isa = PBXFileReference; explicitFileType = wrapper.application; includeInIndex = 0; path = ProductivityTracker.app; sourceTree = BUILT_PRODUCTS_DIR; };
		4D981F66259C710E00FF2A41 /* AppDelegate.swift */ = {isa = PBXFileReference; lastKnownFileType = sourcecode.swift; path = AppDelegate.swift; sourceTree = "<group>"; };
		4D981F68259C710E00FF2A41 /* SceneDelegate.swift */ = {isa = PBXFileReference; lastKnownFileType = sourcecode.swift; path = SceneDelegate.swift; sourceTree = "<group>"; };
		4D981F6A259C710E00FF2A41 /* HomeViewController.swift */ = {isa = PBXFileReference; lastKnownFileType = sourcecode.swift; path = HomeViewController.swift; sourceTree = "<group>"; };
		4D981F6D259C710E00FF2A41 /* Base */ = {isa = PBXFileReference; lastKnownFileType = file.storyboard; name = Base; path = Base.lproj/Main.storyboard; sourceTree = "<group>"; };
		4D981F6F259C711000FF2A41 /* Assets.xcassets */ = {isa = PBXFileReference; lastKnownFileType = folder.assetcatalog; path = Assets.xcassets; sourceTree = "<group>"; };
		4D981F72259C711000FF2A41 /* Base */ = {isa = PBXFileReference; lastKnownFileType = file.storyboard; name = Base; path = Base.lproj/LaunchScreen.storyboard; sourceTree = "<group>"; };
		4D981F74259C711000FF2A41 /* Info.plist */ = {isa = PBXFileReference; lastKnownFileType = text.plist.xml; path = Info.plist; sourceTree = "<group>"; };
		4D981F7F259C71FA00FF2A41 /* SettingsViewController.swift */ = {isa = PBXFileReference; lastKnownFileType = sourcecode.swift; path = SettingsViewController.swift; sourceTree = "<group>"; };
		4D981F83259C721F00FF2A41 /* HistoryViewController.swift */ = {isa = PBXFileReference; lastKnownFileType = sourcecode.swift; path = HistoryViewController.swift; sourceTree = "<group>"; };
/* End PBXFileReference section */

/* Begin PBXFrameworksBuildPhase section */
		4D981F60259C710E00FF2A41 /* Frameworks */ = {
			isa = PBXFrameworksBuildPhase;
			buildActionMask = 2147483647;
			files = (
			);
			runOnlyForDeploymentPostprocessing = 0;
		};
/* End PBXFrameworksBuildPhase section */

/* Begin PBXGroup section */
		4D981F5A259C710E00FF2A41 = {
			isa = PBXGroup;
			children = (
				4D981F65259C710E00FF2A41 /* ProductivityTracker */,
				4D981F64259C710E00FF2A41 /* Products */,
			);
			sourceTree = "<group>";
		};
		4D981F64259C710E00FF2A41 /* Products */ = {
			isa = PBXGroup;
			children = (
				4D981F63259C710E00FF2A41 /* ProductivityTracker.app */,
			);
			name = Products;
			sourceTree = "<group>";
		};
		4D981F65259C710E00FF2A41 /* ProductivityTracker */ = {
			isa = PBXGroup;
			children = (
				4D981F7E259C715B00FF2A41 /* Utils */,
				4D981F7D259C715400FF2A41 /* Views */,
				4D981F7C259C714A00FF2A41 /* Resourses */,
				4D981F7B259C714000FF2A41 /* Controllers */,
				4D981F74259C711000FF2A41 /* Info.plist */,
			);
			path = ProductivityTracker;
			sourceTree = "<group>";
		};
		4D981F7B259C714000FF2A41 /* Controllers */ = {
			isa = PBXGroup;
			children = (
				4D981F6A259C710E00FF2A41 /* HomeViewController.swift */,
				4D981F7F259C71FA00FF2A41 /* SettingsViewController.swift */,
				4D981F83259C721F00FF2A41 /* HistoryViewController.swift */,
			);
			path = Controllers;
			sourceTree = "<group>";
		};
		4D981F7C259C714A00FF2A41 /* Resourses */ = {
			isa = PBXGroup;
			children = (
				4D981F68259C710E00FF2A41 /* SceneDelegate.swift */,
				4D981F66259C710E00FF2A41 /* AppDelegate.swift */,
			);
			path = Resourses;
			sourceTree = "<group>";
		};
		4D981F7D259C715400FF2A41 /* Views */ = {
			isa = PBXGroup;
			children = (
				4D981F6C259C710E00FF2A41 /* Main.storyboard */,
				4D981F71259C711000FF2A41 /* LaunchScreen.storyboard */,
				4D981F6F259C711000FF2A41 /* Assets.xcassets */,
			);
			path = Views;
			sourceTree = "<group>";
		};
		4D981F7E259C715B00FF2A41 /* Utils */ = {
			isa = PBXGroup;
			children = (
			);
			path = Utils;
			sourceTree = "<group>";
		};
/* End PBXGroup section */

/* Begin PBXNativeTarget section */
		4D981F62259C710E00FF2A41 /* ProductivityTracker */ = {
			isa = PBXNativeTarget;
			buildConfigurationList = 4D981F77259C711000FF2A41 /* Build configuration list for PBXNativeTarget "ProductivityTracker" */;
			buildPhases = (
				4D981F5F259C710E00FF2A41 /* Sources */,
				4D981F60259C710E00FF2A41 /* Frameworks */,
				4D981F61259C710E00FF2A41 /* Resources */,
			);
			buildRules = (
			);
			dependencies = (
			);
			name = ProductivityTracker;
			productName = ProductivityTracker;
			productReference = 4D981F63259C710E00FF2A41 /* ProductivityTracker.app */;
			productType = "com.apple.product-type.application";
		};
/* End PBXNativeTarget section */

/* Begin PBXProject section */
		4D981F5B259C710E00FF2A41 /* Project object */ = {
			isa = PBXProject;
			attributes = {
				LastSwiftUpdateCheck = 1220;
				LastUpgradeCheck = 1220;
				TargetAttributes = {
					4D981F62259C710E00FF2A41 = {
						CreatedOnToolsVersion = 12.2;
					};
				};
			};
			buildConfigurationList = 4D981F5E259C710E00FF2A41 /* Build configuration list for PBXProject "ProductivityTracker" */;
			compatibilityVersion = "Xcode 9.3";
			developmentRegion = en;
			hasScannedForEncodings = 0;
			knownRegions = (
				en,
				Base,
			);
			mainGroup = 4D981F5A259C710E00FF2A41;
			productRefGroup = 4D981F64259C710E00FF2A41 /* Products */;
			projectDirPath = "";
			projectRoot = "";
			targets = (
				4D981F62259C710E00FF2A41 /* ProductivityTracker */,
			);
		};
/* End PBXProject section */

/* Begin PBXResourcesBuildPhase section */
		4D981F61259C710E00FF2A41 /* Resources */ = {
			isa = PBXResourcesBuildPhase;
			buildActionMask = 2147483647;
			files = (
				4D981F73259C711000FF2A41 /* LaunchScreen.storyboard in Resources */,
				4D981F70259C711000FF2A41 /* Assets.xcassets in Resources */,
				4D981F6E259C710E00FF2A41 /* Main.storyboard in Resources */,
			);
			runOnlyForDeploymentPostprocessing = 0;
		};
/* End PBXResourcesBuildPhase section */

/* Begin PBXSourcesBuildPhase section */
		4D981F5F259C710E00FF2A41 /* Sources */ = {
			isa = PBXSourcesBuildPhase;
			buildActionMask = 2147483647;
			files = (
				4D981F6B259C710E00FF2A41 /* HomeViewController.swift in Sources */,
				4D981F67259C710E00FF2A41 /* AppDelegate.swift in Sources */,
				4D981F69259C710E00FF2A41 /* SceneDelegate.swift in Sources */,
				4D981F84259C721F00FF2A41 /* HistoryViewController.swift in Sources */,
				4D981F80259C71FA00FF2A41 /* SettingsViewController.swift in Sources */,
			);
			runOnlyForDeploymentPostprocessing = 0;
		};
/* End PBXSourcesBuildPhase section */

/* Begin PBXVariantGroup section */
		4D981F6C259C710E00FF2A41 /* Main.storyboard */ = {
			isa = PBXVariantGroup;
			children = (
				4D981F6D259C710E00FF2A41 /* Base */,
			);
			name = Main.storyboard;
			sourceTree = "<group>";
		};
		4D981F71259C711000FF2A41 /* LaunchScreen.storyboard */ = {
			isa = PBXVariantGroup;
			children = (
				4D981F72259C711000FF2A41 /* Base */,
			);
			name = LaunchScreen.storyboard;
			sourceTree = "<group>";
		};
/* End PBXVariantGroup section */

/* Begin XCBuildConfiguration section */
		4D981F75259C711000FF2A41 /* Debug */ = {
			isa = XCBuildConfiguration;
			buildSettings = {
				ALWAYS_SEARCH_USER_PATHS = NO;
				CLANG_ANALYZER_NONNULL = YES;
				CLANG_ANALYZER_NUMBER_OBJECT_CONVERSION = YES_AGGRESSIVE;
				CLANG_CXX_LANGUAGE_STANDARD = "gnu++14";
				CLANG_CXX_LIBRARY = "libc++";
				CLANG_ENABLE_MODULES = YES;
				CLANG_ENABLE_OBJC_ARC = YES;
				CLANG_ENABLE_OBJC_WEAK = YES;
				CLANG_WARN_BLOCK_CAPTURE_AUTORELEASING = YES;
				CLANG_WARN_BOOL_CONVERSION = YES;
				CLANG_WARN_COMMA = YES;
				CLANG_WARN_CONSTANT_CONVERSION = YES;
				CLANG_WARN_DEPRECATED_OBJC_IMPLEMENTATIONS = YES;
				CLANG_WARN_DIRECT_OBJC_ISA_USAGE = YES_ERROR;
				CLANG_WARN_DOCUMENTATION_COMMENTS = YES;
				CLANG_WARN_EMPTY_BODY = YES;
				CLANG_WARN_ENUM_CONVERSION = YES;
				CLANG_WARN_INFINITE_RECURSION = YES;
				CLANG_WARN_INT_CONVERSION = YES;
				CLANG_WARN_NON_LITERAL_NULL_CONVERSION = YES;
				CLANG_WARN_OBJC_IMPLICIT_RETAIN_SELF = YES;
				CLANG_WARN_OBJC_LITERAL_CONVERSION = YES;
				CLANG_WARN_OBJC_ROOT_CLASS = YES_ERROR;
				CLANG_WARN_QUOTED_INCLUDE_IN_FRAMEWORK_HEADER = YES;
				CLANG_WARN_RANGE_LOOP_ANALYSIS = YES;
				CLANG_WARN_STRICT_PROTOTYPES = YES;
				CLANG_WARN_SUSPICIOUS_MOVE = YES;
				CLANG_WARN_UNGUARDED_AVAILABILITY = YES_AGGRESSIVE;
				CLANG_WARN_UNREACHABLE_CODE = YES;
				CLANG_WARN__DUPLICATE_METHOD_MATCH = YES;
				COPY_PHASE_STRIP = NO;
				DEBUG_INFORMATION_FORMAT = dwarf;
				ENABLE_STRICT_OBJC_MSGSEND = YES;
				ENABLE_TESTABILITY = YES;
				GCC_C_LANGUAGE_STANDARD = gnu11;
				GCC_DYNAMIC_NO_PIC = NO;
				GCC_NO_COMMON_BLOCKS = YES;
				GCC_OPTIMIZATION_LEVEL = 0;
				GCC_PREPROCESSOR_DEFINITIONS = (
					"DEBUG=1",
					"$(inherited)",
				);
				GCC_WARN_64_TO_32_BIT_CONVERSION = YES;
				GCC_WARN_ABOUT_RETURN_TYPE = YES_ERROR;
				GCC_WARN_UNDECLARED_SELECTOR = YES;
				GCC_WARN_UNINITIALIZED_AUTOS = YES_AGGRESSIVE;
				GCC_WARN_UNUSED_FUNCTION = YES;
				GCC_WARN_UNUSED_VARIABLE = YES;
				IPHONEOS_DEPLOYMENT_TARGET = 14.2;
				MTL_ENABLE_DEBUG_INFO = INCLUDE_SOURCE;
				MTL_FAST_MATH = YES;
				ONLY_ACTIVE_ARCH = YES;
				SDKROOT = iphoneos;
				SWIFT_ACTIVE_COMPILATION_CONDITIONS = DEBUG;
				SWIFT_OPTIMIZATION_LEVEL = "-Onone";
			};
			name = Debug;
		};
		4D981F76259C711000FF2A41 /* Release */ = {
			isa = XCBuildConfiguration;
			buildSettings = {
				ALWAYS_SEARCH_USER_PATHS = NO;
				CLANG_ANALYZER_NONNULL = YES;
				CLANG_ANALYZER_NUMBER_OBJECT_CONVERSION = YES_AGGRESSIVE;
				CLANG_CXX_LANGUAGE_STANDARD = "gnu++14";
				CLANG_CXX_LIBRARY = "libc++";
				CLANG_ENABLE_MODULES = YES;
				CLANG_ENABLE_OBJC_ARC = YES;
				CLANG_ENABLE_OBJC_WEAK = YES;
				CLANG_WARN_BLOCK_CAPTURE_AUTORELEASING = YES;
				CLANG_WARN_BOOL_CONVERSION = YES;
				CLANG_WARN_COMMA = YES;
				CLANG_WARN_CONSTANT_CONVERSION = YES;
				CLANG_WARN_DEPRECATED_OBJC_IMPLEMENTATIONS = YES;
				CLANG_WARN_DIRECT_OBJC_ISA_USAGE = YES_ERROR;
				CLANG_WARN_DOCUMENTATION_COMMENTS = YES;
				CLANG_WARN_EMPTY_BODY = YES;
				CLANG_WARN_ENUM_CONVERSION = YES;
				CLANG_WARN_INFINITE_RECURSION = YES;
				CLANG_WARN_INT_CONVERSION = YES;
				CLANG_WARN_NON_LITERAL_NULL_CONVERSION = YES;
				CLANG_WARN_OBJC_IMPLICIT_RETAIN_SELF = YES;
				CLANG_WARN_OBJC_LITERAL_CONVERSION = YES;
				CLANG_WARN_OBJC_ROOT_CLASS = YES_ERROR;
				CLANG_WARN_QUOTED_INCLUDE_IN_FRAMEWORK_HEADER = YES;
				CLANG_WARN_RANGE_LOOP_ANALYSIS = YES;
				CLANG_WARN_STRICT_PROTOTYPES = YES;
				CLANG_WARN_SUSPICIOUS_MOVE = YES;
				CLANG_WARN_UNGUARDED_AVAILABILITY = YES_AGGRESSIVE;
				CLANG_WARN_UNREACHABLE_CODE = YES;
				CLANG_WARN__DUPLICATE_METHOD_MATCH = YES;
				COPY_PHASE_STRIP = NO;
				DEBUG_INFORMATION_FORMAT = "dwarf-with-dsym";
				ENABLE_NS_ASSERTIONS = NO;
				ENABLE_STRICT_OBJC_MSGSEND = YES;
				GCC_C_LANGUAGE_STANDARD = gnu11;
				GCC_NO_COMMON_BLOCKS = YES;
				GCC_WARN_64_TO_32_BIT_CONVERSION = YES;
				GCC_WARN_ABOUT_RETURN_TYPE = YES_ERROR;
				GCC_WARN_UNDECLARED_SELECTOR = YES;
				GCC_WARN_UNINITIALIZED_AUTOS = YES_AGGRESSIVE;
				GCC_WARN_UNUSED_FUNCTION = YES;
				GCC_WARN_UNUSED_VARIABLE = YES;
				IPHONEOS_DEPLOYMENT_TARGET = 14.2;
				MTL_ENABLE_DEBUG_INFO = NO;
				MTL_FAST_MATH = YES;
				SDKROOT = iphoneos;
				SWIFT_COMPILATION_MODE = wholemodule;
				SWIFT_OPTIMIZATION_LEVEL = "-O";
				VALIDATE_PRODUCT = YES;
			};
			name = Release;
		};
		4D981F78259C711000FF2A41 /* Debug */ = {
			isa = XCBuildConfiguration;
			buildSettings = {
				ASSETCATALOG_COMPILER_APPICON_NAME = AppIcon;
				ASSETCATALOG_COMPILER_GLOBAL_ACCENT_COLOR_NAME = AccentColor;
				CODE_SIGN_STYLE = Automatic;
				INFOPLIST_FILE = ProductivityTracker/Info.plist;
				LD_RUNPATH_SEARCH_PATHS = (
					"$(inherited)",
					"@executable_path/Frameworks",
				);
				PRODUCT_BUNDLE_IDENTIFIER = com.example.ProductivityTracker;
				PRODUCT_NAME = "$(TARGET_NAME)";
				SWIFT_VERSION = 5.0;
				TARGETED_DEVICE_FAMILY = "1,2";
			};
			name = Debug;
		};
		4D981F79259C711000FF2A41 /* Release */ = {
			isa = XCBuildConfiguration;
			buildSettings = {
				ASSETCATALOG_COMPILER_APPICON_NAME = AppIcon;
				ASSETCATALOG_COMPILER_GLOBAL_ACCENT_COLOR_NAME = AccentColor;
				CODE_SIGN_STYLE = Automatic;
				INFOPLIST_FILE = ProductivityTracker/Info.plist;
				LD_RUNPATH_SEARCH_PATHS = (
					"$(inherited)",
					"@executable_path/Frameworks",
				);
				PRODUCT_BUNDLE_IDENTIFIER = com.example.ProductivityTracker;
				PRODUCT_NAME = "$(TARGET_NAME)";
				SWIFT_VERSION = 5.0;
				TARGETED_DEVICE_FAMILY = "1,2";
			};
			name = Release;
		};
/* End XCBuildConfiguration section */

/* Begin XCConfigurationList section */
		4D981F5E259C710E00FF2A41 /* Build configuration list for PBXProject "ProductivityTracker" */ = {
			isa = XCConfigurationList;
			buildConfigurations = (
				4D981F75259C711000FF2A41 /* Debug */,
				4D981F76259C711000FF2A41 /* Release */,
			);
			defaultConfigurationIsVisible = 0;
			defaultConfigurationName = Release;
		};
		4D981F77259C711000FF2A41 /* Build configuration list for PBXNativeTarget "ProductivityTracker" */ = {
			isa = XCConfigurationList;
			buildConfigurations = (
				4D981F78259C711000FF2A41 /* Debug */,
				4D981F79259C711000FF2A41 /* Release */,
			);
			defaultConfigurationIsVisible = 0;
			defaultConfigurationName = Release;
		};
/* End XCConfigurationList section */
	};
	rootObject = 4D981F5B259C710E00FF2A41 /* Project object */;
}
